// !$*UTF8*$!
{
	archiveVersion = 1;
	classes = {
	};
	objectVersion = 46;
	objects = {

/* Begin PBXBuildFile section */
		4A07EDD51E9F56310002389B /* AppDelegate.swift in Sources */ = {isa = PBXBuildFile; fileRef = 4A07EDD41E9F56310002389B /* AppDelegate.swift */; };
		4A07EDD71E9F56310002389B /* HomeViewController.swift in Sources */ = {isa = PBXBuildFile; fileRef = 4A07EDD61E9F56310002389B /* HomeViewController.swift */; };
		4A07EDDC1E9F56310002389B /* Assets.xcassets in Resources */ = {isa = PBXBuildFile; fileRef = 4A07EDDB1E9F56310002389B /* Assets.xcassets */; };
		4A07EDDF1E9F56310002389B /* LaunchScreen.storyboard in Resources */ = {isa = PBXBuildFile; fileRef = 4A07EDDD1E9F56310002389B /* LaunchScreen.storyboard */; };
		4A07EDEA1E9F56320002389B /* PedometerTests.swift in Sources */ = {isa = PBXBuildFile; fileRef = 4A07EDE91E9F56320002389B /* PedometerTests.swift */; };
		4A07EDF51E9F56320002389B /* PedometerUITests.swift in Sources */ = {isa = PBXBuildFile; fileRef = 4A07EDF41E9F56320002389B /* PedometerUITests.swift */; };
		4A07EE031E9F59B10002389B /* PedometerManger.swift in Sources */ = {isa = PBXBuildFile; fileRef = 4A07EE021E9F59B10002389B /* PedometerManger.swift */; };
		4A0E42391EA5A75700EB8BF1 /* BaseViewController.swift in Sources */ = {isa = PBXBuildFile; fileRef = 4A0E42371EA5A75700EB8BF1 /* BaseViewController.swift */; };
		4A0E423A1EA5A75700EB8BF1 /* BaseViewController.xib in Resources */ = {isa = PBXBuildFile; fileRef = 4A0E42381EA5A75700EB8BF1 /* BaseViewController.xib */; };
		4A0E423D1EA5A8BE00EB8BF1 /* ShowController.swift in Sources */ = {isa = PBXBuildFile; fileRef = 4A0E423B1EA5A8BE00EB8BF1 /* ShowController.swift */; };
		4A0E423E1EA5A8BE00EB8BF1 /* ShowController.xib in Resources */ = {isa = PBXBuildFile; fileRef = 4A0E423C1EA5A8BE00EB8BF1 /* ShowController.xib */; };
		4A0E42401EA5AA3500EB8BF1 /* CirclePercentageView.swift in Sources */ = {isa = PBXBuildFile; fileRef = 4A0E423F1EA5AA3500EB8BF1 /* CirclePercentageView.swift */; };
		4A0E42441EA6029D00EB8BF1 /* UIColor+Extension.swift in Sources */ = {isa = PBXBuildFile; fileRef = 4A0E42431EA6029D00EB8BF1 /* UIColor+Extension.swift */; };
		4A17E0121EC1528900048D7F /* HealthKit.framework in Frameworks */ = {isa = PBXBuildFile; fileRef = 4A17E0111EC1528900048D7F /* HealthKit.framework */; settings = {ATTRIBUTES = (Required, ); }; };
		4A2C0B601EC2FAB700BC855C /* LoginController.swift in Sources */ = {isa = PBXBuildFile; fileRef = 4A2C0B5E1EC2FAB700BC855C /* LoginController.swift */; };
		4A2C0B611EC2FAB700BC855C /* LoginController.xib in Resources */ = {isa = PBXBuildFile; fileRef = 4A2C0B5F1EC2FAB700BC855C /* LoginController.xib */; };
		4A2C0B631EC30ADF00BC855C /* UserInfo.swift in Sources */ = {isa = PBXBuildFile; fileRef = 4A2C0B621EC30ADF00BC855C /* UserInfo.swift */; };
		4A2C0B651EC30C3B00BC855C /* UserInfoTool.swift in Sources */ = {isa = PBXBuildFile; fileRef = 4A2C0B641EC30C3B00BC855C /* UserInfoTool.swift */; };
		4A2C0B671EC32BA000BC855C /* register_guide_video.mp4 in Resources */ = {isa = PBXBuildFile; fileRef = 4A2C0B661EC32BA000BC855C /* register_guide_video.mp4 */; };
		4A71F4981EA74C8F00D4978B /* StepModel.swift in Sources */ = {isa = PBXBuildFile; fileRef = 4A71F4971EA74C8F00D4978B /* StepModel.swift */; };
		4ABC1FFA1FC27B0F003DBA42 /* BaseNavViewController.swift in Sources */ = {isa = PBXBuildFile; fileRef = 4ABC1FF81FC27B0F003DBA42 /* BaseNavViewController.swift */; };
		4ABC1FFB1FC27B0F003DBA42 /* BaseNavViewController.xib in Resources */ = {isa = PBXBuildFile; fileRef = 4ABC1FF91FC27B0F003DBA42 /* BaseNavViewController.xib */; };
		4ABC1FFE1FC2ACAC003DBA42 /* SVProgressHUD.framework in Frameworks */ = {isa = PBXBuildFile; fileRef = 4ABC1FFF1FC2ACAC003DBA42 /* SVProgressHUD.framework */; };
		4ABC20001FC2ACB7003DBA42 /* Photos.framework in Frameworks */ = {isa = PBXBuildFile; fileRef = 4ABC1FFD1FC2ACA1003DBA42 /* Photos.framework */; };
		4ABC20011FC2ACBF003DBA42 /* PhotosUI.framework in Frameworks */ = {isa = PBXBuildFile; fileRef = 4ABC1FFC1FC2ACA1003DBA42 /* PhotosUI.framework */; };
		4ABE39991EADD59A001D979D /* AVFoundation.framework in Frameworks */ = {isa = PBXBuildFile; fileRef = 4ABE39981EADD59A001D979D /* AVFoundation.framework */; settings = {ATTRIBUTES = (Required, ); }; };
		4AD2EDA31EA06F6B00B82CD6 /* icon.png in Resources */ = {isa = PBXBuildFile; fileRef = 4AD2EDA21EA06F6B00B82CD6 /* icon.png */; };
		4AD2EDBA1EA0862C00B82CD6 /* timg.jpeg in Resources */ = {isa = PBXBuildFile; fileRef = 4AD2EDB91EA0862C00B82CD6 /* timg.jpeg */; };
		4AD2EDBC1EA0A42000B82CD6 /* SoundPlayer.swift in Sources */ = {isa = PBXBuildFile; fileRef = 4AD2EDBB1EA0A42000B82CD6 /* SoundPlayer.swift */; };
		4AD2EDC21EA0C2DD00B82CD6 /* icon_28.png in Resources */ = {isa = PBXBuildFile; fileRef = 4AD2EDC01EA0C2DD00B82CD6 /* icon_28.png */; };
		4AD2EDC31EA0C2DD00B82CD6 /* icon_108.png in Resources */ = {isa = PBXBuildFile; fileRef = 4AD2EDC11EA0C2DD00B82CD6 /* icon_108.png */; };
		4AE8BC621EC4647E00139843 /* view_bg.jpg in Resources */ = {isa = PBXBuildFile; fileRef = 4AE8BC611EC4647E00139843 /* view_bg.jpg */; };
		F6DD440A36FE6179A67F817F /* Pods_Pedometer.framework in Frameworks */ = {isa = PBXBuildFile; fileRef = 3E8C12ACBA28F9EF16091634 /* Pods_Pedometer.framework */; };
/* End PBXBuildFile section */

/* Begin PBXContainerItemProxy section */
		4A07EDE61E9F56320002389B /* PBXContainerItemProxy */ = {
			isa = PBXContainerItemProxy;
			containerPortal = 4A07EDC91E9F56310002389B /* Project object */;
			proxyType = 1;
			remoteGlobalIDString = 4A07EDD01E9F56310002389B;
			remoteInfo = Pedometer;
		};
		4A07EDF11E9F56320002389B /* PBXContainerItemProxy */ = {
			isa = PBXContainerItemProxy;
			containerPortal = 4A07EDC91E9F56310002389B /* Project object */;
			proxyType = 1;
			remoteGlobalIDString = 4A07EDD01E9F56310002389B;
			remoteInfo = Pedometer;
		};
/* End PBXContainerItemProxy section */

/* Begin PBXFileReference section */
		3E8C12ACBA28F9EF16091634 /* Pods_Pedometer.framework */ = {isa = PBXFileReference; explicitFileType = wrapper.framework; includeInIndex = 0; path = Pods_Pedometer.framework; sourceTree = BUILT_PRODUCTS_DIR; };
		401CCFC123DB1060CA7A018B /* Pods-Pedometer.release.xcconfig */ = {isa = PBXFileReference; includeInIndex = 1; lastKnownFileType = text.xcconfig; name = "Pods-Pedometer.release.xcconfig"; path = "Pods/Target Support Files/Pods-Pedometer/Pods-Pedometer.release.xcconfig"; sourceTree = "<group>"; };
		4A07EDD11E9F56310002389B /* Pedometer.app */ = {isa = PBXFileReference; explicitFileType = wrapper.application; includeInIndex = 0; path = Pedometer.app; sourceTree = BUILT_PRODUCTS_DIR; };
		4A07EDD41E9F56310002389B /* AppDelegate.swift */ = {isa = PBXFileReference; lastKnownFileType = sourcecode.swift; path = AppDelegate.swift; sourceTree = "<group>"; };
		4A07EDD61E9F56310002389B /* HomeViewController.swift */ = {isa = PBXFileReference; lastKnownFileType = sourcecode.swift; path = HomeViewController.swift; sourceTree = "<group>"; };
		4A07EDDB1E9F56310002389B /* Assets.xcassets */ = {isa = PBXFileReference; lastKnownFileType = folder.assetcatalog; path = Assets.xcassets; sourceTree = "<group>"; };
		4A07EDDE1E9F56310002389B /* Base */ = {isa = PBXFileReference; lastKnownFileType = file.storyboard; name = Base; path = Base.lproj/LaunchScreen.storyboard; sourceTree = "<group>"; };
		4A07EDE01E9F56310002389B /* Info.plist */ = {isa = PBXFileReference; lastKnownFileType = text.plist.xml; path = Info.plist; sourceTree = "<group>"; };
		4A07EDE51E9F56320002389B /* PedometerTests.xctest */ = {isa = PBXFileReference; explicitFileType = wrapper.cfbundle; includeInIndex = 0; path = PedometerTests.xctest; sourceTree = BUILT_PRODUCTS_DIR; };
		4A07EDE91E9F56320002389B /* PedometerTests.swift */ = {isa = PBXFileReference; lastKnownFileType = sourcecode.swift; path = PedometerTests.swift; sourceTree = "<group>"; };
		4A07EDEB1E9F56320002389B /* Info.plist */ = {isa = PBXFileReference; lastKnownFileType = text.plist.xml; path = Info.plist; sourceTree = "<group>"; };
		4A07EDF01E9F56320002389B /* PedometerUITests.xctest */ = {isa = PBXFileReference; explicitFileType = wrapper.cfbundle; includeInIndex = 0; path = PedometerUITests.xctest; sourceTree = BUILT_PRODUCTS_DIR; };
		4A07EDF41E9F56320002389B /* PedometerUITests.swift */ = {isa = PBXFileReference; lastKnownFileType = sourcecode.swift; path = PedometerUITests.swift; sourceTree = "<group>"; };
		4A07EDF61E9F56320002389B /* Info.plist */ = {isa = PBXFileReference; lastKnownFileType = text.plist.xml; path = Info.plist; sourceTree = "<group>"; };
		4A07EE021E9F59B10002389B /* PedometerManger.swift */ = {isa = PBXFileReference; fileEncoding = 4; lastKnownFileType = sourcecode.swift; path = PedometerManger.swift; sourceTree = "<group>"; };
		4A0E42371EA5A75700EB8BF1 /* BaseViewController.swift */ = {isa = PBXFileReference; fileEncoding = 4; lastKnownFileType = sourcecode.swift; path = BaseViewController.swift; sourceTree = "<group>"; };
		4A0E42381EA5A75700EB8BF1 /* BaseViewController.xib */ = {isa = PBXFileReference; fileEncoding = 4; lastKnownFileType = file.xib; path = BaseViewController.xib; sourceTree = "<group>"; };
		4A0E423B1EA5A8BE00EB8BF1 /* ShowController.swift */ = {isa = PBXFileReference; fileEncoding = 4; lastKnownFileType = sourcecode.swift; path = ShowController.swift; sourceTree = "<group>"; };
		4A0E423C1EA5A8BE00EB8BF1 /* ShowController.xib */ = {isa = PBXFileReference; fileEncoding = 4; lastKnownFileType = file.xib; path = ShowController.xib; sourceTree = "<group>"; };
		4A0E423F1EA5AA3500EB8BF1 /* CirclePercentageView.swift */ = {isa = PBXFileReference; fileEncoding = 4; lastKnownFileType = sourcecode.swift; path = CirclePercentageView.swift; sourceTree = "<group>"; };
		4A0E42431EA6029D00EB8BF1 /* UIColor+Extension.swift */ = {isa = PBXFileReference; fileEncoding = 4; lastKnownFileType = sourcecode.swift; path = "UIColor+Extension.swift"; sourceTree = "<group>"; };
		4A17E0101EC1528900048D7F /* Pedometer.entitlements */ = {isa = PBXFileReference; lastKnownFileType = text.plist.entitlements; name = Pedometer.entitlements; path = ../Pedometer.entitlements; sourceTree = "<group>"; };
		4A17E0111EC1528900048D7F /* HealthKit.framework */ = {isa = PBXFileReference; lastKnownFileType = wrapper.framework; name = HealthKit.framework; path = System/Library/Frameworks/HealthKit.framework; sourceTree = SDKROOT; };
		4A2C0B5E1EC2FAB700BC855C /* LoginController.swift */ = {isa = PBXFileReference; fileEncoding = 4; lastKnownFileType = sourcecode.swift; path = LoginController.swift; sourceTree = "<group>"; };
		4A2C0B5F1EC2FAB700BC855C /* LoginController.xib */ = {isa = PBXFileReference; fileEncoding = 4; lastKnownFileType = file.xib; path = LoginController.xib; sourceTree = "<group>"; };
		4A2C0B621EC30ADF00BC855C /* UserInfo.swift */ = {isa = PBXFileReference; fileEncoding = 4; lastKnownFileType = sourcecode.swift; path = UserInfo.swift; sourceTree = "<group>"; };
		4A2C0B641EC30C3B00BC855C /* UserInfoTool.swift */ = {isa = PBXFileReference; fileEncoding = 4; lastKnownFileType = sourcecode.swift; path = UserInfoTool.swift; sourceTree = "<group>"; };
		4A2C0B661EC32BA000BC855C /* register_guide_video.mp4 */ = {isa = PBXFileReference; lastKnownFileType = file; name = register_guide_video.mp4; path = ../register_guide_video.mp4; sourceTree = "<group>"; };
		4A71F4971EA74C8F00D4978B /* StepModel.swift */ = {isa = PBXFileReference; fileEncoding = 4; lastKnownFileType = sourcecode.swift; path = StepModel.swift; sourceTree = "<group>"; };
		4ABC1FF81FC27B0F003DBA42 /* BaseNavViewController.swift */ = {isa = PBXFileReference; lastKnownFileType = sourcecode.swift; path = BaseNavViewController.swift; sourceTree = "<group>"; };
		4ABC1FF91FC27B0F003DBA42 /* BaseNavViewController.xib */ = {isa = PBXFileReference; lastKnownFileType = file.xib; path = BaseNavViewController.xib; sourceTree = "<group>"; };
		4ABC1FFC1FC2ACA1003DBA42 /* PhotosUI.framework */ = {isa = PBXFileReference; lastKnownFileType = wrapper.framework; name = PhotosUI.framework; path = System/Library/Frameworks/PhotosUI.framework; sourceTree = SDKROOT; };
		4ABC1FFD1FC2ACA1003DBA42 /* Photos.framework */ = {isa = PBXFileReference; lastKnownFileType = wrapper.framework; name = Photos.framework; path = System/Library/Frameworks/Photos.framework; sourceTree = SDKROOT; };
		4ABC1FFF1FC2ACAC003DBA42 /* SVProgressHUD.framework */ = {isa = PBXFileReference; explicitFileType = wrapper.framework; path = SVProgressHUD.framework; sourceTree = BUILT_PRODUCTS_DIR; };
		4ABE39981EADD59A001D979D /* AVFoundation.framework */ = {isa = PBXFileReference; lastKnownFileType = wrapper.framework; name = AVFoundation.framework; path = System/Library/Frameworks/AVFoundation.framework; sourceTree = SDKROOT; };
		4AD2EDA21EA06F6B00B82CD6 /* icon.png */ = {isa = PBXFileReference; lastKnownFileType = image.png; path = icon.png; sourceTree = "<group>"; };
		4AD2EDB91EA0862C00B82CD6 /* timg.jpeg */ = {isa = PBXFileReference; lastKnownFileType = image.jpeg; path = timg.jpeg; sourceTree = "<group>"; };
		4AD2EDBB1EA0A42000B82CD6 /* SoundPlayer.swift */ = {isa = PBXFileReference; fileEncoding = 4; lastKnownFileType = sourcecode.swift; path = SoundPlayer.swift; sourceTree = "<group>"; };
		4AD2EDC01EA0C2DD00B82CD6 /* icon_28.png */ = {isa = PBXFileReference; lastKnownFileType = image.png; path = icon_28.png; sourceTree = "<group>"; };
		4AD2EDC11EA0C2DD00B82CD6 /* icon_108.png */ = {isa = PBXFileReference; lastKnownFileType = image.png; path = icon_108.png; sourceTree = "<group>"; };
		4AE8BC611EC4647E00139843 /* view_bg.jpg */ = {isa = PBXFileReference; lastKnownFileType = image.jpeg; path = view_bg.jpg; sourceTree = "<group>"; };
		D9DF360CE904D846303C34F9 /* Pods-Pedometer.debug.xcconfig */ = {isa = PBXFileReference; includeInIndex = 1; lastKnownFileType = text.xcconfig; name = "Pods-Pedometer.debug.xcconfig"; path = "Pods/Target Support Files/Pods-Pedometer/Pods-Pedometer.debug.xcconfig"; sourceTree = "<group>"; };
/* End PBXFileReference section */

/* Begin PBXFrameworksBuildPhase section */
		4A07EDCE1E9F56310002389B /* Frameworks */ = {
			isa = PBXFrameworksBuildPhase;
			buildActionMask = 2147483647;
			files = (
				4ABC20011FC2ACBF003DBA42 /* PhotosUI.framework in Frameworks */,
				4ABC20001FC2ACB7003DBA42 /* Photos.framework in Frameworks */,
				4ABC1FFE1FC2ACAC003DBA42 /* SVProgressHUD.framework in Frameworks */,
				4ABE39991EADD59A001D979D /* AVFoundation.framework in Frameworks */,
				4A17E0121EC1528900048D7F /* HealthKit.framework in Frameworks */,
				F6DD440A36FE6179A67F817F /* Pods_Pedometer.framework in Frameworks */,
			);
			runOnlyForDeploymentPostprocessing = 0;
		};
		4A07EDE21E9F56320002389B /* Frameworks */ = {
			isa = PBXFrameworksBuildPhase;
			buildActionMask = 2147483647;
			files = (
			);
			runOnlyForDeploymentPostprocessing = 0;
		};
		4A07EDED1E9F56320002389B /* Frameworks */ = {
			isa = PBXFrameworksBuildPhase;
			buildActionMask = 2147483647;
			files = (
			);
			runOnlyForDeploymentPostprocessing = 0;
		};
/* End PBXFrameworksBuildPhase section */

/* Begin PBXGroup section */
		4A07EDC81E9F56310002389B = {
			isa = PBXGroup;
			children = (
				4A07EDD31E9F56310002389B /* Pedometer */,
				4A07EDE81E9F56320002389B /* PedometerTests */,
				4A07EDF31E9F56320002389B /* PedometerUITests */,
				4A07EDD21E9F56310002389B /* Products */,
				4A07EE051E9F89580002389B /* Frameworks */,
				A58AF54E0509A82C5D90F5E6 /* Pods */,
			);
			sourceTree = "<group>";
		};
		4A07EDD21E9F56310002389B /* Products */ = {
			isa = PBXGroup;
			children = (
				4A07EDD11E9F56310002389B /* Pedometer.app */,
				4A07EDE51E9F56320002389B /* PedometerTests.xctest */,
				4A07EDF01E9F56320002389B /* PedometerUITests.xctest */,
			);
			name = Products;
			sourceTree = "<group>";
		};
		4A07EDD31E9F56310002389B /* Pedometer */ = {
			isa = PBXGroup;
			children = (
				4AE8BC601EC4645200139843 /* Recourse */,
				4A0E42361EA5A72100EB8BF1 /* Base */,
				4A0E42321EA5A66000EB8BF1 /* ShowView */,
				4AD2EDCE1EA0C7E800B82CD6 /* Vender */,
				4AD2EDC61EA0C33300B82CD6 /* Login */,
				4AD2EDC51EA0C31500B82CD6 /* Home */,
				4AD2EDC41EA0C30600B82CD6 /* Tool */,
				4AD2EDBF1EA0C1F500B82CD6 /* Other */,
			);
			path = Pedometer;
			sourceTree = "<group>";
		};
		4A07EDE81E9F56320002389B /* PedometerTests */ = {
			isa = PBXGroup;
			children = (
				4A07EDE91E9F56320002389B /* PedometerTests.swift */,
				4A07EDEB1E9F56320002389B /* Info.plist */,
			);
			path = PedometerTests;
			sourceTree = "<group>";
		};
		4A07EDF31E9F56320002389B /* PedometerUITests */ = {
			isa = PBXGroup;
			children = (
				4A07EDF41E9F56320002389B /* PedometerUITests.swift */,
				4A07EDF61E9F56320002389B /* Info.plist */,
			);
			path = PedometerUITests;
			sourceTree = "<group>";
		};
		4A07EE051E9F89580002389B /* Frameworks */ = {
			isa = PBXGroup;
			children = (
				4ABC1FFF1FC2ACAC003DBA42 /* SVProgressHUD.framework */,
				4ABC1FFD1FC2ACA1003DBA42 /* Photos.framework */,
				4ABC1FFC1FC2ACA1003DBA42 /* PhotosUI.framework */,
				4A17E0111EC1528900048D7F /* HealthKit.framework */,
				4ABE39981EADD59A001D979D /* AVFoundation.framework */,
				3E8C12ACBA28F9EF16091634 /* Pods_Pedometer.framework */,
			);
			name = Frameworks;
			sourceTree = "<group>";
		};
		4A0E42321EA5A66000EB8BF1 /* ShowView */ = {
			isa = PBXGroup;
			children = (
				4A0E42351EA5A6B300EB8BF1 /* View */,
				4A0E42341EA5A69800EB8BF1 /* Model */,
				4A0E42331EA5A68200EB8BF1 /* Controller */,
			);
			path = ShowView;
			sourceTree = "<group>";
		};
		4A0E42331EA5A68200EB8BF1 /* Controller */ = {
			isa = PBXGroup;
			children = (
				4A0E423B1EA5A8BE00EB8BF1 /* ShowController.swift */,
				4A0E423C1EA5A8BE00EB8BF1 /* ShowController.xib */,
			);
			path = Controller;
			sourceTree = "<group>";
		};
		4A0E42341EA5A69800EB8BF1 /* Model */ = {
			isa = PBXGroup;
			children = (
			);
			path = Model;
			sourceTree = "<group>";
		};
		4A0E42351EA5A6B300EB8BF1 /* View */ = {
			isa = PBXGroup;
			children = (
				4A0E423F1EA5AA3500EB8BF1 /* CirclePercentageView.swift */,
			);
			path = View;
			sourceTree = "<group>";
		};
		4A0E42361EA5A72100EB8BF1 /* Base */ = {
			isa = PBXGroup;
			children = (
				4A0E42371EA5A75700EB8BF1 /* BaseViewController.swift */,
				4A0E42381EA5A75700EB8BF1 /* BaseViewController.xib */,
				4ABC1FF81FC27B0F003DBA42 /* BaseNavViewController.swift */,
				4ABC1FF91FC27B0F003DBA42 /* BaseNavViewController.xib */,
			);
			path = Base;
			sourceTree = "<group>";
		};
		4AD2EDBF1EA0C1F500B82CD6 /* Other */ = {
			isa = PBXGroup;
			children = (
				4A07EDD41E9F56310002389B /* AppDelegate.swift */,
				4A71F4971EA74C8F00D4978B /* StepModel.swift */,
				4AD2EDC01EA0C2DD00B82CD6 /* icon_28.png */,
				4AD2EDC11EA0C2DD00B82CD6 /* icon_108.png */,
				4AD2EDA21EA06F6B00B82CD6 /* icon.png */,
				4AD2EDB91EA0862C00B82CD6 /* timg.jpeg */,
				4A07EDDB1E9F56310002389B /* Assets.xcassets */,
				4A07EDDD1E9F56310002389B /* LaunchScreen.storyboard */,
				4A07EDE01E9F56310002389B /* Info.plist */,
			);
			name = Other;
			sourceTree = "<group>";
		};
		4AD2EDC41EA0C30600B82CD6 /* Tool */ = {
			isa = PBXGroup;
			children = (
				4A07EE021E9F59B10002389B /* PedometerManger.swift */,
				4AD2EDBB1EA0A42000B82CD6 /* SoundPlayer.swift */,
				4A0E42431EA6029D00EB8BF1 /* UIColor+Extension.swift */,
				4A2C0B641EC30C3B00BC855C /* UserInfoTool.swift */,
			);
			name = Tool;
			sourceTree = "<group>";
		};
		4AD2EDC51EA0C31500B82CD6 /* Home */ = {
			isa = PBXGroup;
			children = (
				4A07EDD61E9F56310002389B /* HomeViewController.swift */,
			);
			name = Home;
			sourceTree = "<group>";
		};
		4AD2EDC61EA0C33300B82CD6 /* Login */ = {
			isa = PBXGroup;
			children = (
				4AD2EDCD1EA0C6F000B82CD6 /* View */,
				4AD2EDCC1EA0C6EA00B82CD6 /* Model */,
				4AD2EDCB1EA0C6DB00B82CD6 /* Controller */,
			);
			name = Login;
			sourceTree = "<group>";
		};
		4AD2EDCB1EA0C6DB00B82CD6 /* Controller */ = {
			isa = PBXGroup;
			children = (
				4A2C0B5E1EC2FAB700BC855C /* LoginController.swift */,
				4A2C0B5F1EC2FAB700BC855C /* LoginController.xib */,
			);
			name = Controller;
			sourceTree = "<group>";
		};
		4AD2EDCC1EA0C6EA00B82CD6 /* Model */ = {
			isa = PBXGroup;
			children = (
				4A2C0B621EC30ADF00BC855C /* UserInfo.swift */,
			);
			name = Model;
			sourceTree = "<group>";
		};
		4AD2EDCD1EA0C6F000B82CD6 /* View */ = {
			isa = PBXGroup;
			children = (
			);
			name = View;
			sourceTree = "<group>";
		};
		4AD2EDCE1EA0C7E800B82CD6 /* Vender */ = {
			isa = PBXGroup;
			children = (
			);
			name = Vender;
			sourceTree = "<group>";
		};
		4AE8BC601EC4645200139843 /* Recourse */ = {
			isa = PBXGroup;
			children = (
				4A2C0B661EC32BA000BC855C /* register_guide_video.mp4 */,
				4AE8BC611EC4647E00139843 /* view_bg.jpg */,
				4A17E0101EC1528900048D7F /* Pedometer.entitlements */,
			);
			path = Recourse;
			sourceTree = "<group>";
		};
		A58AF54E0509A82C5D90F5E6 /* Pods */ = {
			isa = PBXGroup;
			children = (
				D9DF360CE904D846303C34F9 /* Pods-Pedometer.debug.xcconfig */,
				401CCFC123DB1060CA7A018B /* Pods-Pedometer.release.xcconfig */,
			);
			name = Pods;
			sourceTree = "<group>";
		};
/* End PBXGroup section */

/* Begin PBXNativeTarget section */
		4A07EDD01E9F56310002389B /* Pedometer */ = {
			isa = PBXNativeTarget;
			buildConfigurationList = 4A07EDF91E9F56320002389B /* Build configuration list for PBXNativeTarget "Pedometer" */;
			buildPhases = (
				EE3E4197BAD137223021D046 /* [CP] Check Pods Manifest.lock */,
				4A07EDCD1E9F56310002389B /* Sources */,
				4A07EDCE1E9F56310002389B /* Frameworks */,
				4A07EDCF1E9F56310002389B /* Resources */,
				C6C34D9C6E5CFA3FC032961F /* [CP] Embed Pods Frameworks */,
				ABABC422309FE21B177AC3FF /* [CP] Copy Pods Resources */,
			);
			buildRules = (
			);
			dependencies = (
			);
			name = Pedometer;
			productName = Pedometer;
			productReference = 4A07EDD11E9F56310002389B /* Pedometer.app */;
			productType = "com.apple.product-type.application";
		};
		4A07EDE41E9F56320002389B /* PedometerTests */ = {
			isa = PBXNativeTarget;
			buildConfigurationList = 4A07EDFC1E9F56320002389B /* Build configuration list for PBXNativeTarget "PedometerTests" */;
			buildPhases = (
				4A07EDE11E9F56320002389B /* Sources */,
				4A07EDE21E9F56320002389B /* Frameworks */,
				4A07EDE31E9F56320002389B /* Resources */,
			);
			buildRules = (
			);
			dependencies = (
				4A07EDE71E9F56320002389B /* PBXTargetDependency */,
			);
			name = PedometerTests;
			productName = PedometerTests;
			productReference = 4A07EDE51E9F56320002389B /* PedometerTests.xctest */;
			productType = "com.apple.product-type.bundle.unit-test";
		};
		4A07EDEF1E9F56320002389B /* PedometerUITests */ = {
			isa = PBXNativeTarget;
			buildConfigurationList = 4A07EDFF1E9F56320002389B /* Build configuration list for PBXNativeTarget "PedometerUITests" */;
			buildPhases = (
				4A07EDEC1E9F56320002389B /* Sources */,
				4A07EDED1E9F56320002389B /* Frameworks */,
				4A07EDEE1E9F56320002389B /* Resources */,
			);
			buildRules = (
			);
			dependencies = (
				4A07EDF21E9F56320002389B /* PBXTargetDependency */,
			);
			name = PedometerUITests;
			productName = PedometerUITests;
			productReference = 4A07EDF01E9F56320002389B /* PedometerUITests.xctest */;
			productType = "com.apple.product-type.bundle.ui-testing";
		};
/* End PBXNativeTarget section */

/* Begin PBXProject section */
		4A07EDC91E9F56310002389B /* Project object */ = {
			isa = PBXProject;
			attributes = {
				LastSwiftUpdateCheck = 0830;
				LastUpgradeCheck = 0830;
				ORGANIZATIONNAME = "张东东";
				TargetAttributes = {
					4A07EDD01E9F56310002389B = {
						CreatedOnToolsVersion = 8.3.1;
						DevelopmentTeam = B88A47T8S4;
						ProvisioningStyle = Automatic;
						SystemCapabilities = {
							com.apple.HealthKit = {
								enabled = 1;
							};
							com.apple.HomeKit = {
								enabled = 0;
							};
						};
					};
					4A07EDE41E9F56320002389B = {
						CreatedOnToolsVersion = 8.3.1;
						DevelopmentTeam = BQ7F5XB2U3;
						ProvisioningStyle = Automatic;
						TestTargetID = 4A07EDD01E9F56310002389B;
					};
					4A07EDEF1E9F56320002389B = {
						CreatedOnToolsVersion = 8.3.1;
						DevelopmentTeam = BQ7F5XB2U3;
						ProvisioningStyle = Automatic;
						TestTargetID = 4A07EDD01E9F56310002389B;
					};
				};
			};
			buildConfigurationList = 4A07EDCC1E9F56310002389B /* Build configuration list for PBXProject "Pedometer" */;
			compatibilityVersion = "Xcode 3.2";
			developmentRegion = English;
			hasScannedForEncodings = 0;
			knownRegions = (
				en,
				Base,
			);
			mainGroup = 4A07EDC81E9F56310002389B;
			productRefGroup = 4A07EDD21E9F56310002389B /* Products */;
			projectDirPath = "";
			projectRoot = "";
			targets = (
				4A07EDD01E9F56310002389B /* Pedometer */,
				4A07EDE41E9F56320002389B /* PedometerTests */,
				4A07EDEF1E9F56320002389B /* PedometerUITests */,
			);
		};
/* End PBXProject section */

/* Begin PBXResourcesBuildPhase section */
		4A07EDCF1E9F56310002389B /* Resources */ = {
			isa = PBXResourcesBuildPhase;
			buildActionMask = 2147483647;
			files = (
				4A0E423A1EA5A75700EB8BF1 /* BaseViewController.xib in Resources */,
				4A0E423E1EA5A8BE00EB8BF1 /* ShowController.xib in Resources */,
				4AD2EDBA1EA0862C00B82CD6 /* timg.jpeg in Resources */,
				4A2C0B611EC2FAB700BC855C /* LoginController.xib in Resources */,
				4AD2EDC31EA0C2DD00B82CD6 /* icon_108.png in Resources */,
				4AD2EDA31EA06F6B00B82CD6 /* icon.png in Resources */,
				4A07EDDF1E9F56310002389B /* LaunchScreen.storyboard in Resources */,
				4AE8BC621EC4647E00139843 /* view_bg.jpg in Resources */,
				4A07EDDC1E9F56310002389B /* Assets.xcassets in Resources */,
				4ABC1FFB1FC27B0F003DBA42 /* BaseNavViewController.xib in Resources */,
				4AD2EDC21EA0C2DD00B82CD6 /* icon_28.png in Resources */,
				4A2C0B671EC32BA000BC855C /* register_guide_video.mp4 in Resources */,
			);
			runOnlyForDeploymentPostprocessing = 0;
		};
		4A07EDE31E9F56320002389B /* Resources */ = {
			isa = PBXResourcesBuildPhase;
			buildActionMask = 2147483647;
			files = (
			);
			runOnlyForDeploymentPostprocessing = 0;
		};
		4A07EDEE1E9F56320002389B /* Resources */ = {
			isa = PBXResourcesBuildPhase;
			buildActionMask = 2147483647;
			files = (
			);
			runOnlyForDeploymentPostprocessing = 0;
		};
/* End PBXResourcesBuildPhase section */

/* Begin PBXShellScriptBuildPhase section */
		ABABC422309FE21B177AC3FF /* [CP] Copy Pods Resources */ = {
			isa = PBXShellScriptBuildPhase;
			buildActionMask = 2147483647;
			files = (
			);
			inputPaths = (
			);
			name = "[CP] Copy Pods Resources";
			outputPaths = (
			);
			runOnlyForDeploymentPostprocessing = 0;
			shellPath = /bin/sh;
			shellScript = "\"${SRCROOT}/Pods/Target Support Files/Pods-Pedometer/Pods-Pedometer-resources.sh\"\n";
			showEnvVarsInLog = 0;
		};
		C6C34D9C6E5CFA3FC032961F /* [CP] Embed Pods Frameworks */ = {
			isa = PBXShellScriptBuildPhase;
			buildActionMask = 2147483647;
			files = (
			);
			inputPaths = (
			);
			name = "[CP] Embed Pods Frameworks";
			outputPaths = (
			);
			runOnlyForDeploymentPostprocessing = 0;
			shellPath = /bin/sh;
			shellScript = "\"${SRCROOT}/Pods/Target Support Files/Pods-Pedometer/Pods-Pedometer-frameworks.sh\"\n";
			showEnvVarsInLog = 0;
		};
		EE3E4197BAD137223021D046 /* [CP] Check Pods Manifest.lock */ = {
			isa = PBXShellScriptBuildPhase;
			buildActionMask = 2147483647;
			files = (
			);
			inputPaths = (
			);
			name = "[CP] Check Pods Manifest.lock";
			outputPaths = (
			);
			runOnlyForDeploymentPostprocessing = 0;
			shellPath = /bin/sh;
			shellScript = "diff \"${PODS_PODFILE_DIR_PATH}/Podfile.lock\" \"${PODS_ROOT}/Manifest.lock\" > /dev/null\nif [ $? != 0 ] ; then\n    # print error to STDERR\n    echo \"error: The sandbox is not in sync with the Podfile.lock. Run 'pod install' or update your CocoaPods installation.\" >&2\n    exit 1\nfi\n";
			showEnvVarsInLog = 0;
		};
/* End PBXShellScriptBuildPhase section */

/* Begin PBXSourcesBuildPhase section */
		4A07EDCD1E9F56310002389B /* Sources */ = {
			isa = PBXSourcesBuildPhase;
			buildActionMask = 2147483647;
			files = (
				4A2C0B601EC2FAB700BC855C /* LoginController.swift in Sources */,
				4A0E42401EA5AA3500EB8BF1 /* CirclePercentageView.swift in Sources */,
				4A71F4981EA74C8F00D4978B /* StepModel.swift in Sources */,
				4A0E423D1EA5A8BE00EB8BF1 /* ShowController.swift in Sources */,
				4A07EDD71E9F56310002389B /* HomeViewController.swift in Sources */,
				4ABC1FFA1FC27B0F003DBA42 /* BaseNavViewController.swift in Sources */,
				4A0E42441EA6029D00EB8BF1 /* UIColor+Extension.swift in Sources */,
				4A07EE031E9F59B10002389B /* PedometerManger.swift in Sources */,
				4AD2EDBC1EA0A42000B82CD6 /* SoundPlayer.swift in Sources */,
				4A07EDD51E9F56310002389B /* AppDelegate.swift in Sources */,
				4A2C0B631EC30ADF00BC855C /* UserInfo.swift in Sources */,
				4A2C0B651EC30C3B00BC855C /* UserInfoTool.swift in Sources */,
				4A0E42391EA5A75700EB8BF1 /* BaseViewController.swift in Sources */,
			);
			runOnlyForDeploymentPostprocessing = 0;
		};
		4A07EDE11E9F56320002389B /* Sources */ = {
			isa = PBXSourcesBuildPhase;
			buildActionMask = 2147483647;
			files = (
				4A07EDEA1E9F56320002389B /* PedometerTests.swift in Sources */,
			);
			runOnlyForDeploymentPostprocessing = 0;
		};
		4A07EDEC1E9F56320002389B /* Sources */ = {
			isa = PBXSourcesBuildPhase;
			buildActionMask = 2147483647;
			files = (
				4A07EDF51E9F56320002389B /* PedometerUITests.swift in Sources */,
			);
			runOnlyForDeploymentPostprocessing = 0;
		};
/* End PBXSourcesBuildPhase section */

/* Begin PBXTargetDependency section */
		4A07EDE71E9F56320002389B /* PBXTargetDependency */ = {
			isa = PBXTargetDependency;
			target = 4A07EDD01E9F56310002389B /* Pedometer */;
			targetProxy = 4A07EDE61E9F56320002389B /* PBXContainerItemProxy */;
		};
		4A07EDF21E9F56320002389B /* PBXTargetDependency */ = {
			isa = PBXTargetDependency;
			target = 4A07EDD01E9F56310002389B /* Pedometer */;
			targetProxy = 4A07EDF11E9F56320002389B /* PBXContainerItemProxy */;
		};
/* End PBXTargetDependency section */

/* Begin PBXVariantGroup section */
		4A07EDDD1E9F56310002389B /* LaunchScreen.storyboard */ = {
			isa = PBXVariantGroup;
			children = (
				4A07EDDE1E9F56310002389B /* Base */,
			);
			name = LaunchScreen.storyboard;
			sourceTree = "<group>";
		};
/* End PBXVariantGroup section */

/* Begin XCBuildConfiguration section */
		4A07EDF71E9F56320002389B /* Debug */ = {
			isa = XCBuildConfiguration;
			buildSettings = {
				ALWAYS_EMBED_SWIFT_STANDARD_LIBRARIES = YES;
				ALWAYS_SEARCH_USER_PATHS = NO;
				CLANG_ANALYZER_NONNULL = YES;
				CLANG_ANALYZER_NUMBER_OBJECT_CONVERSION = YES_AGGRESSIVE;
				CLANG_CXX_LANGUAGE_STANDARD = "gnu++0x";
				CLANG_CXX_LIBRARY = "libc++";
				CLANG_ENABLE_MODULES = YES;
				CLANG_ENABLE_OBJC_ARC = YES;
				CLANG_WARN_BOOL_CONVERSION = YES;
				CLANG_WARN_CONSTANT_CONVERSION = YES;
				CLANG_WARN_DIRECT_OBJC_ISA_USAGE = YES_ERROR;
				CLANG_WARN_DOCUMENTATION_COMMENTS = YES;
				CLANG_WARN_EMPTY_BODY = YES;
				CLANG_WARN_ENUM_CONVERSION = YES;
				CLANG_WARN_INFINITE_RECURSION = YES;
				CLANG_WARN_INT_CONVERSION = YES;
				CLANG_WARN_OBJC_ROOT_CLASS = YES_ERROR;
				CLANG_WARN_SUSPICIOUS_MOVE = YES;
				CLANG_WARN_UNREACHABLE_CODE = YES;
				CLANG_WARN__DUPLICATE_METHOD_MATCH = YES;
				"CODE_SIGN_IDENTITY[sdk=iphoneos*]" = "iPhone Developer";
				COPY_PHASE_STRIP = NO;
				DEBUG_INFORMATION_FORMAT = dwarf;
				ENABLE_STRICT_OBJC_MSGSEND = YES;
				ENABLE_TESTABILITY = YES;
				GCC_C_LANGUAGE_STANDARD = gnu99;
				GCC_DYNAMIC_NO_PIC = NO;
				GCC_NO_COMMON_BLOCKS = YES;
				GCC_OPTIMIZATION_LEVEL = 0;
				GCC_PREPROCESSOR_DEFINITIONS = (
					"DEBUG=1",
					"$(inherited)",
				);
				GCC_WARN_64_TO_32_BIT_CONVERSION = YES;
				GCC_WARN_ABOUT_RETURN_TYPE = YES_ERROR;
				GCC_WARN_UNDECLARED_SELECTOR = YES;
				GCC_WARN_UNINITIALIZED_AUTOS = YES_AGGRESSIVE;
				GCC_WARN_UNUSED_FUNCTION = YES;
				GCC_WARN_UNUSED_VARIABLE = YES;
				IPHONEOS_DEPLOYMENT_TARGET = 10.3;
				MTL_ENABLE_DEBUG_INFO = YES;
				ONLY_ACTIVE_ARCH = YES;
				SDKROOT = iphoneos;
				SWIFT_ACTIVE_COMPILATION_CONDITIONS = DEBUG;
				SWIFT_OPTIMIZATION_LEVEL = "-Onone";
				TARGETED_DEVICE_FAMILY = "1,2";
			};
			name = Debug;
		};
		4A07EDF81E9F56320002389B /* Release */ = {
			isa = XCBuildConfiguration;
			buildSettings = {
				ALWAYS_EMBED_SWIFT_STANDARD_LIBRARIES = YES;
				ALWAYS_SEARCH_USER_PATHS = NO;
				CLANG_ANALYZER_NONNULL = YES;
				CLANG_ANALYZER_NUMBER_OBJECT_CONVERSION = YES_AGGRESSIVE;
				CLANG_CXX_LANGUAGE_STANDARD = "gnu++0x";
				CLANG_CXX_LIBRARY = "libc++";
				CLANG_ENABLE_MODULES = YES;
				CLANG_ENABLE_OBJC_ARC = YES;
				CLANG_WARN_BOOL_CONVERSION = YES;
				CLANG_WARN_CONSTANT_CONVERSION = YES;
				CLANG_WARN_DIRECT_OBJC_ISA_USAGE = YES_ERROR;
				CLANG_WARN_DOCUMENTATION_COMMENTS = YES;
				CLANG_WARN_EMPTY_BODY = YES;
				CLANG_WARN_ENUM_CONVERSION = YES;
				CLANG_WARN_INFINITE_RECURSION = YES;
				CLANG_WARN_INT_CONVERSION = YES;
				CLANG_WARN_OBJC_ROOT_CLASS = YES_ERROR;
				CLANG_WARN_SUSPICIOUS_MOVE = YES;
				CLANG_WARN_UNREACHABLE_CODE = YES;
				CLANG_WARN__DUPLICATE_METHOD_MATCH = YES;
				"CODE_SIGN_IDENTITY[sdk=iphoneos*]" = "iPhone Developer";
				COPY_PHASE_STRIP = NO;
				DEBUG_INFORMATION_FORMAT = "dwarf-with-dsym";
				ENABLE_NS_ASSERTIONS = NO;
				ENABLE_STRICT_OBJC_MSGSEND = YES;
				GCC_C_LANGUAGE_STANDARD = gnu99;
				GCC_NO_COMMON_BLOCKS = YES;
				GCC_WARN_64_TO_32_BIT_CONVERSION = YES;
				GCC_WARN_ABOUT_RETURN_TYPE = YES_ERROR;
				GCC_WARN_UNDECLARED_SELECTOR = YES;
				GCC_WARN_UNINITIALIZED_AUTOS = YES_AGGRESSIVE;
				GCC_WARN_UNUSED_FUNCTION = YES;
				GCC_WARN_UNUSED_VARIABLE = YES;
				IPHONEOS_DEPLOYMENT_TARGET = 10.3;
				MTL_ENABLE_DEBUG_INFO = NO;
				SDKROOT = iphoneos;
				SWIFT_OPTIMIZATION_LEVEL = "-Owholemodule";
				TARGETED_DEVICE_FAMILY = "1,2";
				VALIDATE_PRODUCT = YES;
			};
			name = Release;
		};
		4A07EDFA1E9F56320002389B /* Debug */ = {
			isa = XCBuildConfiguration;
			baseConfigurationReference = D9DF360CE904D846303C34F9 /* Pods-Pedometer.debug.xcconfig */;
			buildSettings = {
				ALWAYS_EMBED_SWIFT_STANDARD_LIBRARIES = YES;
				ALWAYS_SEARCH_USER_PATHS = YES;
				ASSETCATALOG_COMPILER_APPICON_NAME = AppIcon;
				CODE_SIGN_ENTITLEMENTS = Pedometer/Pedometer.entitlements;
				DEVELOPMENT_TEAM = B88A47T8S4;
				EMBED_ASSET_PACKS_IN_PRODUCT_BUNDLE = YES;
				INFOPLIST_FILE = Pedometer/Info.plist;
				IPHONEOS_DEPLOYMENT_TARGET = 9.0;
				LD_RUNPATH_SEARCH_PATHS = "$(inherited) @loader_path/Frameworks @executable_path/Frameworks @executable_path";
				LIBRARY_SEARCH_PATHS = (
					"$(inherited)",
					"$(PROJECT_DIR)/Pedometer/OpenSDK1.7.7",
				);
				PRODUCT_BUNDLE_IDENTIFIER = com.zhangdongdong.Pedometer1;
				PRODUCT_NAME = "$(TARGET_NAME)";
				SWIFT_VERSION = 3.0;
				TARGETED_DEVICE_FAMILY = 1;
			};
			name = Debug;
		};
		4A07EDFB1E9F56320002389B /* Release */ = {
			isa = XCBuildConfiguration;
			baseConfigurationReference = 401CCFC123DB1060CA7A018B /* Pods-Pedometer.release.xcconfig */;
			buildSettings = {
				ALWAYS_EMBED_SWIFT_STANDARD_LIBRARIES = YES;
				ALWAYS_SEARCH_USER_PATHS = YES;
				ASSETCATALOG_COMPILER_APPICON_NAME = AppIcon;
				CODE_SIGN_ENTITLEMENTS = Pedometer/Pedometer.entitlements;
				DEVELOPMENT_TEAM = B88A47T8S4;
				EMBED_ASSET_PACKS_IN_PRODUCT_BUNDLE = YES;
				INFOPLIST_FILE = Pedometer/Info.plist;
				IPHONEOS_DEPLOYMENT_TARGET = 9.0;
				LD_RUNPATH_SEARCH_PATHS = "$(inherited) @loader_path/Frameworks @executable_path/Frameworks @executable_path";
				LIBRARY_SEARCH_PATHS = (
					"$(inherited)",
					"$(PROJECT_DIR)/Pedometer/OpenSDK1.7.7",
				);
				PRODUCT_BUNDLE_IDENTIFIER = com.zhangdongdong.Pedometer1;
				PRODUCT_NAME = "$(TARGET_NAME)";
				SWIFT_VERSION = 3.0;
				TARGETED_DEVICE_FAMILY = 1;
			};
			name = Release;
		};
		4A07EDFD1E9F56320002389B /* Debug */ = {
			isa = XCBuildConfiguration;
			buildSettings = {
				ALWAYS_EMBED_SWIFT_STANDARD_LIBRARIES = YES;
				BUNDLE_LOADER = "$(TEST_HOST)";
				DEVELOPMENT_TEAM = BQ7F5XB2U3;
				INFOPLIST_FILE = PedometerTests/Info.plist;
				LD_RUNPATH_SEARCH_PATHS = "$(inherited) @executable_path/Frameworks @loader_path/Frameworks";
				PRODUCT_BUNDLE_IDENTIFIER = com.zhangdongdong.PedometerTests;
				PRODUCT_NAME = "$(TARGET_NAME)";
				SWIFT_VERSION = 3.0;
				TEST_HOST = "$(BUILT_PRODUCTS_DIR)/Pedometer.app/Pedometer";
			};
			name = Debug;
		};
		4A07EDFE1E9F56320002389B /* Release */ = {
			isa = XCBuildConfiguration;
			buildSettings = {
				ALWAYS_EMBED_SWIFT_STANDARD_LIBRARIES = YES;
				BUNDLE_LOADER = "$(TEST_HOST)";
				DEVELOPMENT_TEAM = BQ7F5XB2U3;
				INFOPLIST_FILE = PedometerTests/Info.plist;
				LD_RUNPATH_SEARCH_PATHS = "$(inherited) @executable_path/Frameworks @loader_path/Frameworks";
				PRODUCT_BUNDLE_IDENTIFIER = com.zhangdongdong.PedometerTests;
				PRODUCT_NAME = "$(TARGET_NAME)";
				SWIFT_VERSION = 3.0;
				TEST_HOST = "$(BUILT_PRODUCTS_DIR)/Pedometer.app/Pedometer";
			};
			name = Release;
		};
		4A07EE001E9F56320002389B /* Debug */ = {
			isa = XCBuildConfiguration;
			buildSettings = {
				ALWAYS_EMBED_SWIFT_STANDARD_LIBRARIES = YES;
				DEVELOPMENT_TEAM = BQ7F5XB2U3;
				INFOPLIST_FILE = PedometerUITests/Info.plist;
				LD_RUNPATH_SEARCH_PATHS = "$(inherited) @executable_path/Frameworks @loader_path/Frameworks";
				PRODUCT_BUNDLE_IDENTIFIER = com.zhangdongdong.PedometerUITests;
				PRODUCT_NAME = "$(TARGET_NAME)";
				SWIFT_VERSION = 3.0;
				TEST_TARGET_NAME = Pedometer;
			};
			name = Debug;
		};
		4A07EE011E9F56320002389B /* Release */ = {
			isa = XCBuildConfiguration;
			buildSettings = {
				ALWAYS_EMBED_SWIFT_STANDARD_LIBRARIES = YES;
				DEVELOPMENT_TEAM = BQ7F5XB2U3;
				INFOPLIST_FILE = PedometerUITests/Info.plist;
				LD_RUNPATH_SEARCH_PATHS = "$(inherited) @executable_path/Frameworks @loader_path/Frameworks";
				PRODUCT_BUNDLE_IDENTIFIER = com.zhangdongdong.PedometerUITests;
				PRODUCT_NAME = "$(TARGET_NAME)";
				SWIFT_VERSION = 3.0;
				TEST_TARGET_NAME = Pedometer;
			};
			name = Release;
		};
/* End XCBuildConfiguration section */

/* Begin XCConfigurationList section */
		4A07EDCC1E9F56310002389B /* Build configuration list for PBXProject "Pedometer" */ = {
			isa = XCConfigurationList;
			buildConfigurations = (
				4A07EDF71E9F56320002389B /* Debug */,
				4A07EDF81E9F56320002389B /* Release */,
			);
			defaultConfigurationIsVisible = 0;
			defaultConfigurationName = Release;
		};
		4A07EDF91E9F56320002389B /* Build configuration list for PBXNativeTarget "Pedometer" */ = {
			isa = XCConfigurationList;
			buildConfigurations = (
				4A07EDFA1E9F56320002389B /* Debug */,
				4A07EDFB1E9F56320002389B /* Release */,
			);
			defaultConfigurationIsVisible = 0;
			defaultConfigurationName = Release;
		};
		4A07EDFC1E9F56320002389B /* Build configuration list for PBXNativeTarget "PedometerTests" */ = {
			isa = XCConfigurationList;
			buildConfigurations = (
				4A07EDFD1E9F56320002389B /* Debug */,
				4A07EDFE1E9F56320002389B /* Release */,
			);
			defaultConfigurationIsVisible = 0;
			defaultConfigurationName = Release;
		};
		4A07EDFF1E9F56320002389B /* Build configuration list for PBXNativeTarget "PedometerUITests" */ = {
			isa = XCConfigurationList;
			buildConfigurations = (
				4A07EE001E9F56320002389B /* Debug */,
				4A07EE011E9F56320002389B /* Release */,
			);
			defaultConfigurationIsVisible = 0;
			defaultConfigurationName = Release;
		};
/* End XCConfigurationList section */
	};
	rootObject = 4A07EDC91E9F56310002389B /* Project object */;
}
